// !$*UTF8*$!
{
	archiveVersion = 1;
	classes = {
	};
	objectVersion = 46;
	objects = {

/* Begin PBXBuildFile section */
		A9074B441D3B884700381784 /* FavoritesPersistence.swift in Sources */ = {isa = PBXBuildFile; fileRef = A9074B431D3B884700381784 /* FavoritesPersistence.swift */; };
		A9074B461D3BF94500381784 /* AsyncImage.swift in Sources */ = {isa = PBXBuildFile; fileRef = A9074B451D3BF94500381784 /* AsyncImage.swift */; };
		A9074B491D3BF9FC00381784 /* placeholder.jpg in Resources */ = {isa = PBXBuildFile; fileRef = A9074B481D3BF9FC00381784 /* placeholder.jpg */; };
		A909CD931D3A8D2F0031CAFE /* AGTBookViewControllerPhoneViewController.swift in Sources */ = {isa = PBXBuildFile; fileRef = A909CD911D3A8D2F0031CAFE /* AGTBookViewControllerPhoneViewController.swift */; };
		A909CD941D3A8D2F0031CAFE /* AGTBookViewControllerPhoneViewController.xib in Resources */ = {isa = PBXBuildFile; fileRef = A909CD921D3A8D2F0031CAFE /* AGTBookViewControllerPhoneViewController.xib */; };
		A90B87F51D28124C00B763B6 /* AppDelegate.swift in Sources */ = {isa = PBXBuildFile; fileRef = A90B87F41D28124C00B763B6 /* AppDelegate.swift */; };
		A90B87FA1D28124C00B763B6 /* Main.storyboard in Resources */ = {isa = PBXBuildFile; fileRef = A90B87F81D28124C00B763B6 /* Main.storyboard */; };
		A90B87FC1D28124C00B763B6 /* Assets.xcassets in Resources */ = {isa = PBXBuildFile; fileRef = A90B87FB1D28124C00B763B6 /* Assets.xcassets */; };
		A90B87FF1D28124C00B763B6 /* LaunchScreen.storyboard in Resources */ = {isa = PBXBuildFile; fileRef = A90B87FD1D28124C00B763B6 /* LaunchScreen.storyboard */; };
		A90B88091D2814A100B763B6 /* AGTBook.swift in Sources */ = {isa = PBXBuildFile; fileRef = A90B88081D2814A100B763B6 /* AGTBook.swift */; };
		A90B880B1D28239F00B763B6 /* AGTLibrary.swift in Sources */ = {isa = PBXBuildFile; fileRef = A90B880A1D28239F00B763B6 /* AGTLibrary.swift */; };
		A916AFFC1D2D6ABC0059D1A7 /* JSONProcessing.swift in Sources */ = {isa = PBXBuildFile; fileRef = A916AFFB1D2D6ABC0059D1A7 /* JSONProcessing.swift */; };
		A916AFFE1D2D6B200059D1A7 /* Errors.swift in Sources */ = {isa = PBXBuildFile; fileRef = A916AFFD1D2D6B200059D1A7 /* Errors.swift */; };
		A927B9C21D2907E600148842 /* AGTBookViewController.swift in Sources */ = {isa = PBXBuildFile; fileRef = A927B9C01D2907E600148842 /* AGTBookViewController.swift */; };
		A927B9C31D2907E600148842 /* AGTBookViewController.xib in Resources */ = {isa = PBXBuildFile; fileRef = A927B9C11D2907E600148842 /* AGTBookViewController.xib */; };
		A93A08901D32997400305284 /* AGTLibraryTableViewController.swift in Sources */ = {isa = PBXBuildFile; fileRef = A93A088F1D32997400305284 /* AGTLibraryTableViewController.swift */; };
		A93A08921D32A37200305284 /* Tags.swift in Sources */ = {isa = PBXBuildFile; fileRef = A93A08911D32A37200305284 /* Tags.swift */; };
		A9B652C11D29863F003279E2 /* AGTSimplePDFViewController.swift in Sources */ = {isa = PBXBuildFile; fileRef = A9B652BF1D29863F003279E2 /* AGTSimplePDFViewController.swift */; };
		A9B652C21D29863F003279E2 /* AGTSimplePDFViewController.xib in Resources */ = {isa = PBXBuildFile; fileRef = A9B652C01D29863F003279E2 /* AGTSimplePDFViewController.xib */; };
/* End PBXBuildFile section */

/* Begin PBXFileReference section */
		A9074B431D3B884700381784 /* FavoritesPersistence.swift */ = {isa = PBXFileReference; fileEncoding = 4; lastKnownFileType = sourcecode.swift; path = FavoritesPersistence.swift; sourceTree = "<group>"; };
		A9074B451D3BF94500381784 /* AsyncImage.swift */ = {isa = PBXFileReference; fileEncoding = 4; lastKnownFileType = sourcecode.swift; path = AsyncImage.swift; sourceTree = "<group>"; };
		A9074B481D3BF9FC00381784 /* placeholder.jpg */ = {isa = PBXFileReference; lastKnownFileType = image.jpeg; path = placeholder.jpg; sourceTree = "<group>"; };
		A909CD911D3A8D2F0031CAFE /* AGTBookViewControllerPhoneViewController.swift */ = {isa = PBXFileReference; fileEncoding = 4; lastKnownFileType = sourcecode.swift; path = AGTBookViewControllerPhoneViewController.swift; sourceTree = "<group>"; };
		A909CD921D3A8D2F0031CAFE /* AGTBookViewControllerPhoneViewController.xib */ = {isa = PBXFileReference; fileEncoding = 4; lastKnownFileType = file.xib; path = AGTBookViewControllerPhoneViewController.xib; sourceTree = "<group>"; };
		A90B87F11D28124C00B763B6 /* HackerBooks.app */ = {isa = PBXFileReference; explicitFileType = wrapper.application; includeInIndex = 0; path = HackerBooks.app; sourceTree = BUILT_PRODUCTS_DIR; };
		A90B87F41D28124C00B763B6 /* AppDelegate.swift */ = {isa = PBXFileReference; lastKnownFileType = sourcecode.swift; path = AppDelegate.swift; sourceTree = "<group>"; };
		A90B87F91D28124C00B763B6 /* Base */ = {isa = PBXFileReference; lastKnownFileType = file.storyboard; name = Base; path = Base.lproj/Main.storyboard; sourceTree = "<group>"; };
		A90B87FB1D28124C00B763B6 /* Assets.xcassets */ = {isa = PBXFileReference; lastKnownFileType = folder.assetcatalog; path = Assets.xcassets; sourceTree = "<group>"; };
		A90B87FE1D28124C00B763B6 /* Base */ = {isa = PBXFileReference; lastKnownFileType = file.storyboard; name = Base; path = Base.lproj/LaunchScreen.storyboard; sourceTree = "<group>"; };
		A90B88001D28124C00B763B6 /* Info.plist */ = {isa = PBXFileReference; lastKnownFileType = text.plist.xml; path = Info.plist; sourceTree = "<group>"; };
		A90B88081D2814A100B763B6 /* AGTBook.swift */ = {isa = PBXFileReference; fileEncoding = 4; lastKnownFileType = sourcecode.swift; path = AGTBook.swift; sourceTree = "<group>"; };
		A90B880A1D28239F00B763B6 /* AGTLibrary.swift */ = {isa = PBXFileReference; fileEncoding = 4; lastKnownFileType = sourcecode.swift; path = AGTLibrary.swift; sourceTree = "<group>"; };
		A916AFFB1D2D6ABC0059D1A7 /* JSONProcessing.swift */ = {isa = PBXFileReference; fileEncoding = 4; lastKnownFileType = sourcecode.swift; path = JSONProcessing.swift; sourceTree = "<group>"; };
		A916AFFD1D2D6B200059D1A7 /* Errors.swift */ = {isa = PBXFileReference; fileEncoding = 4; lastKnownFileType = sourcecode.swift; path = Errors.swift; sourceTree = "<group>"; };
		A927B9C01D2907E600148842 /* AGTBookViewController.swift */ = {isa = PBXFileReference; fileEncoding = 4; lastKnownFileType = sourcecode.swift; path = AGTBookViewController.swift; sourceTree = "<group>"; };
		A927B9C11D2907E600148842 /* AGTBookViewController.xib */ = {isa = PBXFileReference; fileEncoding = 4; lastKnownFileType = file.xib; path = AGTBookViewController.xib; sourceTree = "<group>"; };
		A93A088F1D32997400305284 /* AGTLibraryTableViewController.swift */ = {isa = PBXFileReference; fileEncoding = 4; lastKnownFileType = sourcecode.swift; path = AGTLibraryTableViewController.swift; sourceTree = "<group>"; };
		A93A08911D32A37200305284 /* Tags.swift */ = {isa = PBXFileReference; fileEncoding = 4; lastKnownFileType = sourcecode.swift; path = Tags.swift; sourceTree = "<group>"; };
		A9B652BF1D29863F003279E2 /* AGTSimplePDFViewController.swift */ = {isa = PBXFileReference; fileEncoding = 4; lastKnownFileType = sourcecode.swift; path = AGTSimplePDFViewController.swift; sourceTree = "<group>"; };
		A9B652C01D29863F003279E2 /* AGTSimplePDFViewController.xib */ = {isa = PBXFileReference; fileEncoding = 4; lastKnownFileType = file.xib; path = AGTSimplePDFViewController.xib; sourceTree = "<group>"; };
/* End PBXFileReference section */

/* Begin PBXFrameworksBuildPhase section */
		A90B87EE1D28124C00B763B6 /* Frameworks */ = {
			isa = PBXFrameworksBuildPhase;
			buildActionMask = 2147483647;
			files = (
			);
			runOnlyForDeploymentPostprocessing = 0;
		};
/* End PBXFrameworksBuildPhase section */

/* Begin PBXGroup section */
		A9074B471D3BF9C400381784 /* Resources */ = {
			isa = PBXGroup;
			children = (
				A9074B481D3BF9FC00381784 /* placeholder.jpg */,
			);
			name = Resources;
			sourceTree = "<group>";
		};
		A90B87E81D28124C00B763B6 = {
			isa = PBXGroup;
			children = (
				A90B87F31D28124C00B763B6 /* HackerBooks */,
				A90B87F21D28124C00B763B6 /* Products */,
			);
			sourceTree = "<group>";
		};
		A90B87F21D28124C00B763B6 /* Products */ = {
			isa = PBXGroup;
			children = (
				A90B87F11D28124C00B763B6 /* HackerBooks.app */,
			);
			name = Products;
			sourceTree = "<group>";
		};
		A90B87F31D28124C00B763B6 /* HackerBooks */ = {
			isa = PBXGroup;
			children = (
				A9074B471D3BF9C400381784 /* Resources */,
				A90B88061D28136D00B763B6 /* App */,
				A90B87F41D28124C00B763B6 /* AppDelegate.swift */,
				A90B87F81D28124C00B763B6 /* Main.storyboard */,
				A90B87FB1D28124C00B763B6 /* Assets.xcassets */,
				A90B87FD1D28124C00B763B6 /* LaunchScreen.storyboard */,
				A90B88001D28124C00B763B6 /* Info.plist */,
			);
			path = HackerBooks;
			sourceTree = "<group>";
		};
		A90B88061D28136D00B763B6 /* App */ = {
			isa = PBXGroup;
			children = (
				A927B9BF1D2907A500148842 /* Controllers */,
				A90B88071D28138500B763B6 /* Models */,
			);
			name = App;
			sourceTree = "<group>";
		};
		A90B88071D28138500B763B6 /* Models */ = {
			isa = PBXGroup;
			children = (
				A90B88081D2814A100B763B6 /* AGTBook.swift */,
				A90B880A1D28239F00B763B6 /* AGTLibrary.swift */,
				A916AFFB1D2D6ABC0059D1A7 /* JSONProcessing.swift */,
				A916AFFD1D2D6B200059D1A7 /* Errors.swift */,
				A93A08911D32A37200305284 /* Tags.swift */,
				A9074B431D3B884700381784 /* FavoritesPersistence.swift */,
				A9074B451D3BF94500381784 /* AsyncImage.swift */,
			);
			name = Models;
			sourceTree = "<group>";
		};
		A927B9BF1D2907A500148842 /* Controllers */ = {
			isa = PBXGroup;
			children = (
				A927B9C01D2907E600148842 /* AGTBookViewController.swift */,
				A927B9C11D2907E600148842 /* AGTBookViewController.xib */,
				A9B652BF1D29863F003279E2 /* AGTSimplePDFViewController.swift */,
				A9B652C01D29863F003279E2 /* AGTSimplePDFViewController.xib */,
				A93A088F1D32997400305284 /* AGTLibraryTableViewController.swift */,
				A909CD911D3A8D2F0031CAFE /* AGTBookViewControllerPhoneViewController.swift */,
				A909CD921D3A8D2F0031CAFE /* AGTBookViewControllerPhoneViewController.xib */,
			);
			name = Controllers;
			sourceTree = "<group>";
		};
/* End PBXGroup section */

/* Begin PBXNativeTarget section */
		A90B87F01D28124C00B763B6 /* HackerBooks */ = {
			isa = PBXNativeTarget;
			buildConfigurationList = A90B88031D28124C00B763B6 /* Build configuration list for PBXNativeTarget "HackerBooks" */;
			buildPhases = (
				A90B87ED1D28124C00B763B6 /* Sources */,
				A90B87EE1D28124C00B763B6 /* Frameworks */,
				A90B87EF1D28124C00B763B6 /* Resources */,
			);
			buildRules = (
			);
			dependencies = (
			);
			name = HackerBooks;
			productName = HackerBooks;
			productReference = A90B87F11D28124C00B763B6 /* HackerBooks.app */;
			productType = "com.apple.product-type.application";
		};
/* End PBXNativeTarget section */

/* Begin PBXProject section */
		A90B87E91D28124C00B763B6 /* Project object */ = {
			isa = PBXProject;
			attributes = {
				LastSwiftUpdateCheck = 0730;
				LastUpgradeCheck = 0730;
				ORGANIZATIONNAME = Alejandro;
				TargetAttributes = {
					A90B87F01D28124C00B763B6 = {
						CreatedOnToolsVersion = 7.3.1;
						DevelopmentTeam = D5QHSG2783;
					};
				};
			};
			buildConfigurationList = A90B87EC1D28124C00B763B6 /* Build configuration list for PBXProject "HackerBooks" */;
			compatibilityVersion = "Xcode 3.2";
			developmentRegion = English;
			hasScannedForEncodings = 0;
			knownRegions = (
				en,
				Base,
			);
			mainGroup = A90B87E81D28124C00B763B6;
			productRefGroup = A90B87F21D28124C00B763B6 /* Products */;
			projectDirPath = "";
			projectRoot = "";
			targets = (
				A90B87F01D28124C00B763B6 /* HackerBooks */,
			);
		};
/* End PBXProject section */

/* Begin PBXResourcesBuildPhase section */
		A90B87EF1D28124C00B763B6 /* Resources */ = {
			isa = PBXResourcesBuildPhase;
			buildActionMask = 2147483647;
			files = (
				A927B9C31D2907E600148842 /* AGTBookViewController.xib in Resources */,
				A9B652C21D29863F003279E2 /* AGTSimplePDFViewController.xib in Resources */,
				A909CD941D3A8D2F0031CAFE /* AGTBookViewControllerPhoneViewController.xib in Resources */,
				A90B87FF1D28124C00B763B6 /* LaunchScreen.storyboard in Resources */,
				A9074B491D3BF9FC00381784 /* placeholder.jpg in Resources */,
				A90B87FC1D28124C00B763B6 /* Assets.xcassets in Resources */,
				A90B87FA1D28124C00B763B6 /* Main.storyboard in Resources */,
			);
			runOnlyForDeploymentPostprocessing = 0;
		};
/* End PBXResourcesBuildPhase section */

/* Begin PBXSourcesBuildPhase section */
		A90B87ED1D28124C00B763B6 /* Sources */ = {
			isa = PBXSourcesBuildPhase;
			buildActionMask = 2147483647;
			files = (
				A916AFFC1D2D6ABC0059D1A7 /* JSONProcessing.swift in Sources */,
				A927B9C21D2907E600148842 /* AGTBookViewController.swift in Sources */,
				A9B652C11D29863F003279E2 /* AGTSimplePDFViewController.swift in Sources */,
				A90B87F51D28124C00B763B6 /* AppDelegate.swift in Sources */,
				A9074B461D3BF94500381784 /* AsyncImage.swift in Sources */,
				A90B880B1D28239F00B763B6 /* AGTLibrary.swift in Sources */,
				A93A08921D32A37200305284 /* Tags.swift in Sources */,
				A90B88091D2814A100B763B6 /* AGTBook.swift in Sources */,
				A93A08901D32997400305284 /* AGTLibraryTableViewController.swift in Sources */,
				A909CD931D3A8D2F0031CAFE /* AGTBookViewControllerPhoneViewController.swift in Sources */,
				A9074B441D3B884700381784 /* FavoritesPersistence.swift in Sources */,
				A916AFFE1D2D6B200059D1A7 /* Errors.swift in Sources */,
			);
			runOnlyForDeploymentPostprocessing = 0;
		};
/* End PBXSourcesBuildPhase section */

/* Begin PBXVariantGroup section */
		A90B87F81D28124C00B763B6 /* Main.storyboard */ = {
			isa = PBXVariantGroup;
			children = (
				A90B87F91D28124C00B763B6 /* Base */,
			);
			name = Main.storyboard;
			sourceTree = "<group>";
		};
		A90B87FD1D28124C00B763B6 /* LaunchScreen.storyboard */ = {
			isa = PBXVariantGroup;
			children = (
				A90B87FE1D28124C00B763B6 /* Base */,
			);
			name = LaunchScreen.storyboard;
			sourceTree = "<group>";
		};
/* End PBXVariantGroup section */

/* Begin XCBuildConfiguration section */
		A90B88011D28124C00B763B6 /* Debug */ = {
			isa = XCBuildConfiguration;
			buildSettings = {
				ALWAYS_SEARCH_USER_PATHS = NO;
				CLANG_ANALYZER_NONNULL = YES;
				CLANG_CXX_LANGUAGE_STANDARD = "gnu++0x";
				CLANG_CXX_LIBRARY = "libc++";
				CLANG_ENABLE_MODULES = YES;
				CLANG_ENABLE_OBJC_ARC = YES;
				CLANG_WARN_BOOL_CONVERSION = YES;
				CLANG_WARN_CONSTANT_CONVERSION = YES;
				CLANG_WARN_DIRECT_OBJC_ISA_USAGE = YES_ERROR;
				CLANG_WARN_EMPTY_BODY = YES;
				CLANG_WARN_ENUM_CONVERSION = YES;
				CLANG_WARN_INT_CONVERSION = YES;
				CLANG_WARN_OBJC_ROOT_CLASS = YES_ERROR;
				CLANG_WARN_UNREACHABLE_CODE = YES;
				CLANG_WARN__DUPLICATE_METHOD_MATCH = YES;
				"CODE_SIGN_IDENTITY[sdk=iphoneos*]" = "iPhone Developer";
				COPY_PHASE_STRIP = NO;
				DEBUG_INFORMATION_FORMAT = dwarf;
				ENABLE_STRICT_OBJC_MSGSEND = YES;
				ENABLE_TESTABILITY = YES;
				GCC_C_LANGUAGE_STANDARD = gnu99;
				GCC_DYNAMIC_NO_PIC = NO;
				GCC_NO_COMMON_BLOCKS = YES;
				GCC_OPTIMIZATION_LEVEL = 0;
				GCC_PREPROCESSOR_DEFINITIONS = (
					"DEBUG=1",
					"$(inherited)",
				);
				GCC_WARN_64_TO_32_BIT_CONVERSION = YES;
				GCC_WARN_ABOUT_RETURN_TYPE = YES_ERROR;
				GCC_WARN_UNDECLARED_SELECTOR = YES;
				GCC_WARN_UNINITIALIZED_AUTOS = YES_AGGRESSIVE;
				GCC_WARN_UNUSED_FUNCTION = YES;
				GCC_WARN_UNUSED_VARIABLE = YES;
				IPHONEOS_DEPLOYMENT_TARGET = 9.3;
				MTL_ENABLE_DEBUG_INFO = YES;
				ONLY_ACTIVE_ARCH = YES;
				SDKROOT = iphoneos;
				SWIFT_OPTIMIZATION_LEVEL = "-Onone";
				TARGETED_DEVICE_FAMILY = 2;
			};
			name = Debug;
		};
		A90B88021D28124C00B763B6 /* Release */ = {
			isa = XCBuildConfiguration;
			buildSettings = {
				ALWAYS_SEARCH_USER_PATHS = NO;
				CLANG_ANALYZER_NONNULL = YES;
				CLANG_CXX_LANGUAGE_STANDARD = "gnu++0x";
				CLANG_CXX_LIBRARY = "libc++";
				CLANG_ENABLE_MODULES = YES;
				CLANG_ENABLE_OBJC_ARC = YES;
				CLANG_WARN_BOOL_CONVERSION = YES;
				CLANG_WARN_CONSTANT_CONVERSION = YES;
				CLANG_WARN_DIRECT_OBJC_ISA_USAGE = YES_ERROR;
				CLANG_WARN_EMPTY_BODY = YES;
				CLANG_WARN_ENUM_CONVERSION = YES;
				CLANG_WARN_INT_CONVERSION = YES;
				CLANG_WARN_OBJC_ROOT_CLASS = YES_ERROR;
				CLANG_WARN_UNREACHABLE_CODE = YES;
				CLANG_WARN__DUPLICATE_METHOD_MATCH = YES;
				"CODE_SIGN_IDENTITY[sdk=iphoneos*]" = "iPhone Developer";
				COPY_PHASE_STRIP = NO;
				DEBUG_INFORMATION_FORMAT = "dwarf-with-dsym";
				ENABLE_NS_ASSERTIONS = NO;
				ENABLE_STRICT_OBJC_MSGSEND = YES;
				GCC_C_LANGUAGE_STANDARD = gnu99;
				GCC_NO_COMMON_BLOCKS = YES;
				GCC_WARN_64_TO_32_BIT_CONVERSION = YES;
				GCC_WARN_ABOUT_RETURN_TYPE = YES_ERROR;
				GCC_WARN_UNDECLARED_SELECTOR = YES;
				GCC_WARN_UNINITIALIZED_AUTOS = YES_AGGRESSIVE;
				GCC_WARN_UNUSED_FUNCTION = YES;
				GCC_WARN_UNUSED_VARIABLE = YES;
				IPHONEOS_DEPLOYMENT_TARGET = 9.3;
				MTL_ENABLE_DEBUG_INFO = NO;
				SDKROOT = iphoneos;
				TARGETED_DEVICE_FAMILY = 2;
				VALIDATE_PRODUCT = YES;
			};
			name = Release;
		};
		A90B88041D28124C00B763B6 /* Debug */ = {
			isa = XCBuildConfiguration;
			buildSettings = {
				ASSETCATALOG_COMPILER_APPICON_NAME = AppIcon;
				INFOPLIST_FILE = HackerBooks/Info.plist;
				LD_RUNPATH_SEARCH_PATHS = "$(inherited) @executable_path/Frameworks";
				PRODUCT_BUNDLE_IDENTIFIER = Alejandro.HackerBooks;
				PRODUCT_NAME = "$(TARGET_NAME)";
				TARGETED_DEVICE_FAMILY = "1,2";
			};
			name = Debug;
		};
		A90B88051D28124C00B763B6 /* Release */ = {
			isa = XCBuildConfiguration;
			buildSettings = {
				ASSETCATALOG_COMPILER_APPICON_NAME = AppIcon;
				INFOPLIST_FILE = HackerBooks/Info.plist;
				LD_RUNPATH_SEARCH_PATHS = "$(inherited) @executable_path/Frameworks";
				PRODUCT_BUNDLE_IDENTIFIER = Alejandro.HackerBooks;
				PRODUCT_NAME = "$(TARGET_NAME)";
				TARGETED_DEVICE_FAMILY = "1,2";
			};
			name = Release;
		};
/* End XCBuildConfiguration section */

/* Begin XCConfigurationList section */
		A90B87EC1D28124C00B763B6 /* Build configuration list for PBXProject "HackerBooks" */ = {
			isa = XCConfigurationList;
			buildConfigurations = (
				A90B88011D28124C00B763B6 /* Debug */,
				A90B88021D28124C00B763B6 /* Release */,
			);
			defaultConfigurationIsVisible = 0;
			defaultConfigurationName = Release;
		};
		A90B88031D28124C00B763B6 /* Build configuration list for PBXNativeTarget "HackerBooks" */ = {
			isa = XCConfigurationList;
			buildConfigurations = (
				A90B88041D28124C00B763B6 /* Debug */,
				A90B88051D28124C00B763B6 /* Release */,
			);
			defaultConfigurationIsVisible = 0;
			defaultConfigurationName = Release;
		};
/* End XCConfigurationList section */
	};
	rootObject = A90B87E91D28124C00B763B6 /* Project object */;
}
